
Microsoft Visual Studio Solution File, Format Version 12.00
# Visual Studio Version 17
VisualStudioVersion = 17.0.31919.166
MinimumVisualStudioVersion = 10.0.40219.1
Project("{9A19103F-16F7-4668-BE54-9A1E7A4F7556}") = "CFGToolkit.Lexer.Tests", "..\CFGToolkit.Lexer.Tests\CFGToolkit.Lexer.Tests.csproj", "{B8E6D11F-6553-4064-A4EF-19727B841F1B}"
EndProject
Project("{9A19103F-16F7-4668-BE54-9A1E7A4F7556}") = "CFGToolkit.Lexer", "CFGToolkit.Lexer.csproj", "{47BA7AC8-F156-4931-8C3D-A1A2168D9327}"
EndProject
Global
	GlobalSection(SolutionConfigurationPlatforms) = preSolution
		Debug|Any CPU = Debug|Any CPU
		Release|Any CPU = Release|Any CPU
	EndGlobalSection
	GlobalSection(ProjectConfigurationPlatforms) = postSolution
		{B8E6D11F-6553-4064-A4EF-19727B841F1B}.Debug|Any CPU.ActiveCfg = Debug|Any CPU
		{B8E6D11F-6553-4064-A4EF-19727B841F1B}.Debug|Any CPU.Build.0 = Debug|Any CPU
		{B8E6D11F-6553-4064-A4EF-19727B841F1B}.Release|Any CPU.ActiveCfg = Release|Any CPU
		{B8E6D11F-6553-4064-A4EF-19727B841F1B}.Release|Any CPU.Build.0 = Release|Any CPU
		{47BA7AC8-F156-4931-8C3D-A1A2168D9327}.Debug|Any CPU.ActiveCfg = Debug|Any CPU
		{47BA7AC8-F156-4931-8C3D-A1A2168D9327}.Debug|Any CPU.Build.0 = Debug|Any CPU
		{47BA7AC8-F156-4931-8C3D-A1A2168D9327}.Release|Any CPU.ActiveCfg = Release|Any CPU
		{47BA7AC8-F156-4931-8C3D-A1A2168D9327}.Release|Any CPU.Build.0 = Release|Any CPU
	EndGlobalSection
	GlobalSection(SolutionProperties) = preSolution
		HideSolutionNode = FALSE
	EndGlobalSection
	GlobalSection(ExtensibilityGlobals) = postSolution
		SolutionGuid = {26DCE73C-0FF1-430D-AC7A-AF50C290F58D}
	EndGlobalSection
EndGlobal
